
Microsoft Visual Studio Solution File, Format Version 12.00
# Visual Studio Version 16
VisualStudioVersion = 16.0.32126.315
MinimumVisualStudioVersion = 10.0.40219.1
Project("{FAE04EC0-301F-11D3-BF4B-00C04F79EFBC}") = "TRAINER EXTERNAL", "TRAINER EXTERNAL\TRAINER EXTERNAL.csproj", "{E15D769A-3429-43D1-8D2A-BEBC9BD46F50}"
EndProject
Global
	GlobalSection(SolutionConfigurationPlatforms) = preSolution
		Debug|Any CPU = Debug|Any CPU
		Release|Any CPU = Release|Any CPU
	EndGlobalSection
	GlobalSection(ProjectConfigurationPlatforms) = postSolution
		{E15D769A-3429-43D1-8D2A-BEBC9BD46F50}.Debug|Any CPU.ActiveCfg = Debug|Any CPU
		{E15D769A-3429-43D1-8D2A-BEBC9BD46F50}.Debug|Any CPU.Build.0 = Debug|Any CPU
		{E15D769A-3429-43D1-8D2A-BEBC9BD46F50}.Release|Any CPU.ActiveCfg = Release|Any CPU
		{E15D769A-3429-43D1-8D2A-BEBC9BD46F50}.Release|Any CPU.Build.0 = Release|Any CPU
	EndGlobalSection
	GlobalSection(SolutionProperties) = preSolution
		HideSolutionNode = FALSE
	EndGlobalSection
	GlobalSection(ExtensibilityGlobals) = postSolution
		SolutionGuid = {927E4942-07C7-4EB5-840F-F3158219FA58}
	EndGlobalSection
EndGlobal
